# This file is autogenerated, do not edit; changes may be undone by the next 'dep ensure'.


[[projects]]
  branch = "master"
  name = "github.com/alangpierce/go-forceexport"
  packages = ["."]
  revision = "8f1d6941cd755b975763ddb1f836561edddac2b8"

[[projects]]
  name = "github.com/aspcartman/darkside"
  packages = [".","g"]
  revision = "c274dda6179456a83c147cd7c2edeaeec7255f29"
  version = "v1.9"

[[projects]]
  branch = "master"
  name = "github.com/aspcartman/exceptions"
  packages = ["."]
  revision = "612f260adbc2d72e0a1b95f13113a7dfe1dc9eeb"

[[projects]]
  branch = "master"
  name = "github.com/bouk/monkey"
  packages = ["."]
  revision = "b96e337f6e5b36906584cd0cf9803bbab09284f7"

[[projects]]
  name = "github.com/certifi/gocertifi"
  packages = ["."]
  revision = "a4ab0227d360091084658029ec8ae45f989fba3e"
  version = "2017.11.05"

[[projects]]
  branch = "master"
  name = "github.com/getsentry/raven-go"
  packages = ["."]
  revision = "32a13797442ccb601b11761d74232773c1402d14"

[[projects]]
  branch = "master"
  name = "github.com/mitchellh/hashstructure"
  packages = ["."]
  revision = "2bca23e0e452137f789efbc8610126fd8b94f73b"

[[projects]]
  name = "github.com/pkg/errors"
  packages = ["."]
  revision = "645ef00459ed84a119197bfb8d8205042c6df63d"
  version = "v0.8.0"

[[projects]]
  name = "github.com/sirupsen/logrus"
  packages = ["."]
  revision = "d682213848ed68c0a260ca37d6dd5ace8423f5ba"
  version = "v1.0.4"

[[projects]]
  branch = "master"
  name = "golang.org/x/crypto"
  packages = ["ssh/terminal"]
  revision = "d585fd2cc9195196078f516b69daff6744ef5e84"

[[projects]]
  branch = "master"
  name = "golang.org/x/sys"
  packages = ["unix","windows"]
  revision = "d818ba11af4465e00c1998bd3f8a55603b422290"

[[projects]]
  branch = "v2"
  name = "gopkg.in/tucnak/telebot.v2"
  packages = ["."]
  revision = "25672b8f68e9c1135db1e80a21d550f01ceaa0ef"

[solve-meta]
  analyzer-name = "dep"
  analyzer-version = 1
  inputs-digest = "75e7f8881accc24d21b36f1deae82ba4564b3ecc18530235a89db8f681c5b393"
  solver-name = "gps-cdcl"
  solver-version = 1
